
Microsoft Visual Studio Solution File, Format Version 12.00
# Visual Studio 2013
VisualStudioVersion = 12.0.30501.0
MinimumVisualStudioVersion = 10.0.40219.1
Project("{FAE04EC0-301F-11D3-BF4B-00C04F79EFBC}") = "WaterGateService", "Service\WaterGateService.csproj", "{BE4A4F1B-9544-49CF-A486-9EE3E3AAC36E}"
EndProject
Project("{6141683F-8A12-4E36-9623-2EB02B2C2303}") = "WaterGateServiceSetup", "WaterGateServiceSetup\WaterGateServiceSetup.isproj", "{BD898E1D-6E5C-48B5-8330-A6DCB6090BCB}"
	ProjectSection(ProjectDependencies) = postProject
		{BE4A4F1B-9544-49CF-A486-9EE3E3AAC36E} = {BE4A4F1B-9544-49CF-A486-9EE3E3AAC36E}
	EndProjectSection
EndProject
Project("{FAE04EC0-301F-11D3-BF4B-00C04F79EFBC}") = "SetupConfiguration", "SetupConfiguration\SetupConfiguration.csproj", "{6042B3D7-B347-41B8-AC05-AD7F86CDC586}"
EndProject
Global
	GlobalSection(SolutionConfigurationPlatforms) = preSolution
		CD_ROM|Any CPU = CD_ROM|Any CPU
		Debug|Any CPU = Debug|Any CPU
		DVD-5|Any CPU = DVD-5|Any CPU
		Release|Any CPU = Release|Any CPU
		SingleImage|Any CPU = SingleImage|Any CPU
	EndGlobalSection
	GlobalSection(ProjectConfigurationPlatforms) = postSolution
		{BE4A4F1B-9544-49CF-A486-9EE3E3AAC36E}.CD_ROM|Any CPU.ActiveCfg = Release|Any CPU
		{BE4A4F1B-9544-49CF-A486-9EE3E3AAC36E}.CD_ROM|Any CPU.Build.0 = Release|Any CPU
		{BE4A4F1B-9544-49CF-A486-9EE3E3AAC36E}.Debug|Any CPU.ActiveCfg = Debug|Any CPU
		{BE4A4F1B-9544-49CF-A486-9EE3E3AAC36E}.Debug|Any CPU.Build.0 = Debug|Any CPU
		{BE4A4F1B-9544-49CF-A486-9EE3E3AAC36E}.DVD-5|Any CPU.ActiveCfg = Debug|Any CPU
		{BE4A4F1B-9544-49CF-A486-9EE3E3AAC36E}.DVD-5|Any CPU.Build.0 = Debug|Any CPU
		{BE4A4F1B-9544-49CF-A486-9EE3E3AAC36E}.Release|Any CPU.ActiveCfg = Release|Any CPU
		{BE4A4F1B-9544-49CF-A486-9EE3E3AAC36E}.Release|Any CPU.Build.0 = Release|Any CPU
		{BE4A4F1B-9544-49CF-A486-9EE3E3AAC36E}.SingleImage|Any CPU.ActiveCfg = Release|Any CPU
		{BE4A4F1B-9544-49CF-A486-9EE3E3AAC36E}.SingleImage|Any CPU.Build.0 = Release|Any CPU
		{BD898E1D-6E5C-48B5-8330-A6DCB6090BCB}.CD_ROM|Any CPU.ActiveCfg = CD_ROM
		{BD898E1D-6E5C-48B5-8330-A6DCB6090BCB}.CD_ROM|Any CPU.Build.0 = CD_ROM
		{BD898E1D-6E5C-48B5-8330-A6DCB6090BCB}.Debug|Any CPU.ActiveCfg = DVD-5
		{BD898E1D-6E5C-48B5-8330-A6DCB6090BCB}.Debug|Any CPU.Build.0 = DVD-5
		{BD898E1D-6E5C-48B5-8330-A6DCB6090BCB}.DVD-5|Any CPU.ActiveCfg = DVD-5
		{BD898E1D-6E5C-48B5-8330-A6DCB6090BCB}.DVD-5|Any CPU.Build.0 = DVD-5
		{BD898E1D-6E5C-48B5-8330-A6DCB6090BCB}.Release|Any CPU.ActiveCfg = SingleImage
		{BD898E1D-6E5C-48B5-8330-A6DCB6090BCB}.Release|Any CPU.Build.0 = SingleImage
		{BD898E1D-6E5C-48B5-8330-A6DCB6090BCB}.SingleImage|Any CPU.ActiveCfg = SingleImage
		{BD898E1D-6E5C-48B5-8330-A6DCB6090BCB}.SingleImage|Any CPU.Build.0 = SingleImage
		{6042B3D7-B347-41B8-AC05-AD7F86CDC586}.CD_ROM|Any CPU.ActiveCfg = Release|Any CPU
		{6042B3D7-B347-41B8-AC05-AD7F86CDC586}.CD_ROM|Any CPU.Build.0 = Release|Any CPU
		{6042B3D7-B347-41B8-AC05-AD7F86CDC586}.Debug|Any CPU.ActiveCfg = Debug|Any CPU
		{6042B3D7-B347-41B8-AC05-AD7F86CDC586}.Debug|Any CPU.Build.0 = Debug|Any CPU
		{6042B3D7-B347-41B8-AC05-AD7F86CDC586}.DVD-5|Any CPU.ActiveCfg = Debug|Any CPU
		{6042B3D7-B347-41B8-AC05-AD7F86CDC586}.DVD-5|Any CPU.Build.0 = Debug|Any CPU
		{6042B3D7-B347-41B8-AC05-AD7F86CDC586}.Release|Any CPU.ActiveCfg = Release|Any CPU
		{6042B3D7-B347-41B8-AC05-AD7F86CDC586}.Release|Any CPU.Build.0 = Release|Any CPU
		{6042B3D7-B347-41B8-AC05-AD7F86CDC586}.SingleImage|Any CPU.ActiveCfg = Release|Any CPU
		{6042B3D7-B347-41B8-AC05-AD7F86CDC586}.SingleImage|Any CPU.Build.0 = Release|Any CPU
	EndGlobalSection
	GlobalSection(SolutionProperties) = preSolution
		HideSolutionNode = FALSE
	EndGlobalSection
EndGlobal
